
Microsoft Visual Studio Solution File, Format Version 12.00
# Visual Studio 15
VisualStudioVersion = 15.0.26430.13
MinimumVisualStudioVersion = 10.0.40219.1
Project("{2150E333-8FDC-42A3-9474-1A3956D46DE8}") = "src", "src", "{AE3E98DB-35C1-42D8-AB6D-DE37189DDAA1}"
EndProject
Project("{2150E333-8FDC-42A3-9474-1A3956D46DE8}") = "Solution Items", "Solution Items", "{1D26002E-3D0A-47FC-A1F7-BC56D11EC5BF}"
	ProjectSection(SolutionItems) = preProject
		global.json = global.json
	EndProjectSection
EndProject
Project("{2150E333-8FDC-42A3-9474-1A3956D46DE8}") = "1 - Presentation", "1 - Presentation", "{9340B0E0-D3D9-4917-B0AA-093A95183265}"
EndProject
Project("{2150E333-8FDC-42A3-9474-1A3956D46DE8}") = "3 - Application", "3 - Application", "{8941C48B-849B-4625-B5F8-0EF567135BC0}"
EndProject
Project("{2150E333-8FDC-42A3-9474-1A3956D46DE8}") = "4 - Domain", "4 - Domain", "{988F2F26-89C2-4C44-B1BB-42C394832A4E}"
EndProject
Project("{2150E333-8FDC-42A3-9474-1A3956D46DE8}") = "5 - Infra", "5 - Infra", "{04CCC7F8-8AF7-4965-B2EF-2E28331BE421}"
EndProject
Project("{2150E333-8FDC-42A3-9474-1A3956D46DE8}") = "5.1 - Data", "5.1 - Data", "{DCCD4FD6-B437-4586-B932-7AC40EF86A71}"
EndProject
Project("{2150E333-8FDC-42A3-9474-1A3956D46DE8}") = "5.2 - CrossCutting", "5.2 - CrossCutting", "{68258835-A222-468B-84F5-441AD58BCD51}"
EndProject
Project("{2150E333-8FDC-42A3-9474-1A3956D46DE8}") = "2 - Services", "2 - Services", "{A5EBFB52-C5C5-4F98-B441-E48DA9CA5744}"
EndProject
Project("{9A19103F-16F7-4668-BE54-9A1E7A4F7556}") = "Liu.Application", "src\Liu.Application\Liu.Application.csproj", "{0A86666C-1DBA-4AE3-8706-EBAFE1019DD3}"
EndProject
Project("{9A19103F-16F7-4668-BE54-9A1E7A4F7556}") = "Liu.Domain", "src\Liu.Domain\Liu.Domain.csproj", "{6DF0ADCA-D1A3-49CA-AB6C-3F6E5F7530FC}"
EndProject
Project("{9A19103F-16F7-4668-BE54-9A1E7A4F7556}") = "Liu.Infra.CrossCutting.IoC", "src\Liu.Infra.CrossCutting.IoC\Liu.Infra.CrossCutting.IoC.csproj", "{9166BB1D-9FB4-49FE-8FB4-8011E26EAA8C}"
EndProject
Project("{9A19103F-16F7-4668-BE54-9A1E7A4F7556}") = "Liu.Infra.CrossCutting.Identity", "src\Liu.Infra.CrossCutting.Identity\Liu.Infra.CrossCutting.Identity.csproj", "{54AFF741-2F46-4A25-BF8E-AB0FFABC405C}"
EndProject
Project("{9A19103F-16F7-4668-BE54-9A1E7A4F7556}") = "Liu.Infra.CrossCutting.Bus", "src\Liu.Infra.CrossCutting.Bus\Liu.Infra.CrossCutting.Bus.csproj", "{8B171A7A-0F79-4B19-B229-88E79A375189}"
EndProject
Project("{9A19103F-16F7-4668-BE54-9A1E7A4F7556}") = "Liu.Infra.Data", "src\Liu.Infra.Data\Liu.Infra.Data.csproj", "{980D925C-7D3B-46B2-B3C9-DC33EACC075A}"
EndProject
Project("{9A19103F-16F7-4668-BE54-9A1E7A4F7556}") = "Liu.Domain.Core", "src\Liu.Domain.Core\Liu.Domain.Core.csproj", "{2BD31457-9AFD-48D3-B294-067C19A1BE08}"
EndProject
Project("{9A19103F-16F7-4668-BE54-9A1E7A4F7556}") = "Liu.WebApi", "src\Liu.WebApi\Liu.WebApi.csproj", "{5AA137A0-87F0-4F94-B154-AE4998914685}"
EndProject
Project("{9A19103F-16F7-4668-BE54-9A1E7A4F7556}") = "Liu.UI.Site", "src\Liu.UI.Site\Liu.UI.Site.csproj", "{D8CC639D-688B-4B86-A80D-9F91B8032328}"
EndProject
Global
	GlobalSection(SolutionConfigurationPlatforms) = preSolution
		Debug|Any CPU = Debug|Any CPU
		Release|Any CPU = Release|Any CPU
	EndGlobalSection
	GlobalSection(ProjectConfigurationPlatforms) = postSolution
		{0A86666C-1DBA-4AE3-8706-EBAFE1019DD3}.Debug|Any CPU.ActiveCfg = Debug|Any CPU
		{0A86666C-1DBA-4AE3-8706-EBAFE1019DD3}.Debug|Any CPU.Build.0 = Debug|Any CPU
		{0A86666C-1DBA-4AE3-8706-EBAFE1019DD3}.Release|Any CPU.ActiveCfg = Release|Any CPU
		{0A86666C-1DBA-4AE3-8706-EBAFE1019DD3}.Release|Any CPU.Build.0 = Release|Any CPU
		{6DF0ADCA-D1A3-49CA-AB6C-3F6E5F7530FC}.Debug|Any CPU.ActiveCfg = Debug|Any CPU
		{6DF0ADCA-D1A3-49CA-AB6C-3F6E5F7530FC}.Debug|Any CPU.Build.0 = Debug|Any CPU
		{6DF0ADCA-D1A3-49CA-AB6C-3F6E5F7530FC}.Release|Any CPU.ActiveCfg = Release|Any CPU
		{6DF0ADCA-D1A3-49CA-AB6C-3F6E5F7530FC}.Release|Any CPU.Build.0 = Release|Any CPU
		{9166BB1D-9FB4-49FE-8FB4-8011E26EAA8C}.Debug|Any CPU.ActiveCfg = Debug|Any CPU
		{9166BB1D-9FB4-49FE-8FB4-8011E26EAA8C}.Debug|Any CPU.Build.0 = Debug|Any CPU
		{9166BB1D-9FB4-49FE-8FB4-8011E26EAA8C}.Release|Any CPU.ActiveCfg = Release|Any CPU
		{9166BB1D-9FB4-49FE-8FB4-8011E26EAA8C}.Release|Any CPU.Build.0 = Release|Any CPU
		{54AFF741-2F46-4A25-BF8E-AB0FFABC405C}.Debug|Any CPU.ActiveCfg = Debug|Any CPU
		{54AFF741-2F46-4A25-BF8E-AB0FFABC405C}.Debug|Any CPU.Build.0 = Debug|Any CPU
		{54AFF741-2F46-4A25-BF8E-AB0FFABC405C}.Release|Any CPU.ActiveCfg = Release|Any CPU
		{54AFF741-2F46-4A25-BF8E-AB0FFABC405C}.Release|Any CPU.Build.0 = Release|Any CPU
		{8B171A7A-0F79-4B19-B229-88E79A375189}.Debug|Any CPU.ActiveCfg = Debug|Any CPU
		{8B171A7A-0F79-4B19-B229-88E79A375189}.Debug|Any CPU.Build.0 = Debug|Any CPU
		{8B171A7A-0F79-4B19-B229-88E79A375189}.Release|Any CPU.ActiveCfg = Release|Any CPU
		{8B171A7A-0F79-4B19-B229-88E79A375189}.Release|Any CPU.Build.0 = Release|Any CPU
		{980D925C-7D3B-46B2-B3C9-DC33EACC075A}.Debug|Any CPU.ActiveCfg = Debug|Any CPU
		{980D925C-7D3B-46B2-B3C9-DC33EACC075A}.Debug|Any CPU.Build.0 = Debug|Any CPU
		{980D925C-7D3B-46B2-B3C9-DC33EACC075A}.Release|Any CPU.ActiveCfg = Release|Any CPU
		{980D925C-7D3B-46B2-B3C9-DC33EACC075A}.Release|Any CPU.Build.0 = Release|Any CPU
		{2BD31457-9AFD-48D3-B294-067C19A1BE08}.Debug|Any CPU.ActiveCfg = Debug|Any CPU
		{2BD31457-9AFD-48D3-B294-067C19A1BE08}.Debug|Any CPU.Build.0 = Debug|Any CPU
		{2BD31457-9AFD-48D3-B294-067C19A1BE08}.Release|Any CPU.ActiveCfg = Release|Any CPU
		{2BD31457-9AFD-48D3-B294-067C19A1BE08}.Release|Any CPU.Build.0 = Release|Any CPU
		{5AA137A0-87F0-4F94-B154-AE4998914685}.Debug|Any CPU.ActiveCfg = Debug|Any CPU
		{5AA137A0-87F0-4F94-B154-AE4998914685}.Debug|Any CPU.Build.0 = Debug|Any CPU
		{5AA137A0-87F0-4F94-B154-AE4998914685}.Release|Any CPU.ActiveCfg = Release|Any CPU
		{5AA137A0-87F0-4F94-B154-AE4998914685}.Release|Any CPU.Build.0 = Release|Any CPU
		{D8CC639D-688B-4B86-A80D-9F91B8032328}.Debug|Any CPU.ActiveCfg = Debug|Any CPU
		{D8CC639D-688B-4B86-A80D-9F91B8032328}.Debug|Any CPU.Build.0 = Debug|Any CPU
		{D8CC639D-688B-4B86-A80D-9F91B8032328}.Release|Any CPU.ActiveCfg = Release|Any CPU
		{D8CC639D-688B-4B86-A80D-9F91B8032328}.Release|Any CPU.Build.0 = Release|Any CPU
	EndGlobalSection
	GlobalSection(SolutionProperties) = preSolution
		HideSolutionNode = FALSE
	EndGlobalSection
	GlobalSection(NestedProjects) = preSolution
		{9340B0E0-D3D9-4917-B0AA-093A95183265} = {AE3E98DB-35C1-42D8-AB6D-DE37189DDAA1}
		{8941C48B-849B-4625-B5F8-0EF567135BC0} = {AE3E98DB-35C1-42D8-AB6D-DE37189DDAA1}
		{988F2F26-89C2-4C44-B1BB-42C394832A4E} = {AE3E98DB-35C1-42D8-AB6D-DE37189DDAA1}
		{04CCC7F8-8AF7-4965-B2EF-2E28331BE421} = {AE3E98DB-35C1-42D8-AB6D-DE37189DDAA1}
		{DCCD4FD6-B437-4586-B932-7AC40EF86A71} = {04CCC7F8-8AF7-4965-B2EF-2E28331BE421}
		{68258835-A222-468B-84F5-441AD58BCD51} = {04CCC7F8-8AF7-4965-B2EF-2E28331BE421}
		{A5EBFB52-C5C5-4F98-B441-E48DA9CA5744} = {AE3E98DB-35C1-42D8-AB6D-DE37189DDAA1}
		{0A86666C-1DBA-4AE3-8706-EBAFE1019DD3} = {8941C48B-849B-4625-B5F8-0EF567135BC0}
		{6DF0ADCA-D1A3-49CA-AB6C-3F6E5F7530FC} = {988F2F26-89C2-4C44-B1BB-42C394832A4E}
		{9166BB1D-9FB4-49FE-8FB4-8011E26EAA8C} = {68258835-A222-468B-84F5-441AD58BCD51}
		{54AFF741-2F46-4A25-BF8E-AB0FFABC405C} = {68258835-A222-468B-84F5-441AD58BCD51}
		{8B171A7A-0F79-4B19-B229-88E79A375189} = {68258835-A222-468B-84F5-441AD58BCD51}
		{980D925C-7D3B-46B2-B3C9-DC33EACC075A} = {DCCD4FD6-B437-4586-B932-7AC40EF86A71}
		{2BD31457-9AFD-48D3-B294-067C19A1BE08} = {988F2F26-89C2-4C44-B1BB-42C394832A4E}
		{5AA137A0-87F0-4F94-B154-AE4998914685} = {A5EBFB52-C5C5-4F98-B441-E48DA9CA5744}
		{D8CC639D-688B-4B86-A80D-9F91B8032328} = {9340B0E0-D3D9-4917-B0AA-093A95183265}
	EndGlobalSection
	GlobalSection(ExtensibilityGlobals) = postSolution
		SolutionGuid = {5D839F1A-49E6-4ED1-BC64-69A42B5822B9}
	EndGlobalSection
EndGlobal
